// !$*UTF8*$!
{
	archiveVersion = 1;
	classes = {
	};
	objectVersion = 50;
	objects = {

/* Begin PBXBuildFile section */
		E6D7E86F23CBD8CA0001B192 /* AppDelegate.swift in Sources */ = {isa = PBXBuildFile; fileRef = E6D7E86E23CBD8CA0001B192 /* AppDelegate.swift */; };
		E6D7E87123CBD8CA0001B192 /* SceneDelegate.swift in Sources */ = {isa = PBXBuildFile; fileRef = E6D7E87023CBD8CA0001B192 /* SceneDelegate.swift */; };
		E6D7E87323CBD8CA0001B192 /* ViewController.swift in Sources */ = {isa = PBXBuildFile; fileRef = E6D7E87223CBD8CA0001B192 /* ViewController.swift */; };
		E6D7E87623CBD8CA0001B192 /* Main.storyboard in Resources */ = {isa = PBXBuildFile; fileRef = E6D7E87423CBD8CA0001B192 /* Main.storyboard */; };
		E6D7E87823CBD8CC0001B192 /* Assets.xcassets in Resources */ = {isa = PBXBuildFile; fileRef = E6D7E87723CBD8CC0001B192 /* Assets.xcassets */; };
		E6D7E87B23CBD8CC0001B192 /* LaunchScreen.storyboard in Resources */ = {isa = PBXBuildFile; fileRef = E6D7E87923CBD8CC0001B192 /* LaunchScreen.storyboard */; };
		E6D7E88623CBD8CD0001B192 /* BirdstrikerTests.swift in Sources */ = {isa = PBXBuildFile; fileRef = E6D7E88523CBD8CD0001B192 /* BirdstrikerTests.swift */; };
		E6D7E89123CBD8CD0001B192 /* BirdstrikerUITests.swift in Sources */ = {isa = PBXBuildFile; fileRef = E6D7E89023CBD8CD0001B192 /* BirdstrikerUITests.swift */; };
		E6D7E89F23CBD94F0001B192 /* DragImageView.swift in Sources */ = {isa = PBXBuildFile; fileRef = E6D7E89E23CBD94F0001B192 /* DragImageView.swift */; };
		E6D7E8A123CBD9AC0001B192 /* aim.png in Resources */ = {isa = PBXBuildFile; fileRef = E6D7E8A023CBD9AC0001B192 /* aim.png */; };
/* End PBXBuildFile section */

/* Begin PBXContainerItemProxy section */
		E6D7E88223CBD8CD0001B192 /* PBXContainerItemProxy */ = {
			isa = PBXContainerItemProxy;
			containerPortal = E6D7E86323CBD8CA0001B192 /* Project object */;
			proxyType = 1;
			remoteGlobalIDString = E6D7E86A23CBD8CA0001B192;
			remoteInfo = Birdstriker;
		};
		E6D7E88D23CBD8CD0001B192 /* PBXContainerItemProxy */ = {
			isa = PBXContainerItemProxy;
			containerPortal = E6D7E86323CBD8CA0001B192 /* Project object */;
			proxyType = 1;
			remoteGlobalIDString = E6D7E86A23CBD8CA0001B192;
			remoteInfo = Birdstriker;
		};
/* End PBXContainerItemProxy section */

/* Begin PBXFileReference section */
		E6D7E86B23CBD8CA0001B192 /* Birdstriker.app */ = {isa = PBXFileReference; explicitFileType = wrapper.application; includeInIndex = 0; path = Birdstriker.app; sourceTree = BUILT_PRODUCTS_DIR; };
		E6D7E86E23CBD8CA0001B192 /* AppDelegate.swift */ = {isa = PBXFileReference; lastKnownFileType = sourcecode.swift; path = AppDelegate.swift; sourceTree = "<group>"; };
		E6D7E87023CBD8CA0001B192 /* SceneDelegate.swift */ = {isa = PBXFileReference; lastKnownFileType = sourcecode.swift; path = SceneDelegate.swift; sourceTree = "<group>"; };
		E6D7E87223CBD8CA0001B192 /* ViewController.swift */ = {isa = PBXFileReference; lastKnownFileType = sourcecode.swift; path = ViewController.swift; sourceTree = "<group>"; };
		E6D7E87523CBD8CA0001B192 /* Base */ = {isa = PBXFileReference; lastKnownFileType = file.storyboard; name = Base; path = Base.lproj/Main.storyboard; sourceTree = "<group>"; };
		E6D7E87723CBD8CC0001B192 /* Assets.xcassets */ = {isa = PBXFileReference; lastKnownFileType = folder.assetcatalog; path = Assets.xcassets; sourceTree = "<group>"; };
		E6D7E87A23CBD8CC0001B192 /* Base */ = {isa = PBXFileReference; lastKnownFileType = file.storyboard; name = Base; path = Base.lproj/LaunchScreen.storyboard; sourceTree = "<group>"; };
		E6D7E87C23CBD8CC0001B192 /* Info.plist */ = {isa = PBXFileReference; lastKnownFileType = text.plist.xml; path = Info.plist; sourceTree = "<group>"; };
		E6D7E88123CBD8CD0001B192 /* BirdstrikerTests.xctest */ = {isa = PBXFileReference; explicitFileType = wrapper.cfbundle; includeInIndex = 0; path = BirdstrikerTests.xctest; sourceTree = BUILT_PRODUCTS_DIR; };
		E6D7E88523CBD8CD0001B192 /* BirdstrikerTests.swift */ = {isa = PBXFileReference; lastKnownFileType = sourcecode.swift; path = BirdstrikerTests.swift; sourceTree = "<group>"; };
		E6D7E88723CBD8CD0001B192 /* Info.plist */ = {isa = PBXFileReference; lastKnownFileType = text.plist.xml; path = Info.plist; sourceTree = "<group>"; };
		E6D7E88C23CBD8CD0001B192 /* BirdstrikerUITests.xctest */ = {isa = PBXFileReference; explicitFileType = wrapper.cfbundle; includeInIndex = 0; path = BirdstrikerUITests.xctest; sourceTree = BUILT_PRODUCTS_DIR; };
		E6D7E89023CBD8CD0001B192 /* BirdstrikerUITests.swift */ = {isa = PBXFileReference; lastKnownFileType = sourcecode.swift; path = BirdstrikerUITests.swift; sourceTree = "<group>"; };
		E6D7E89223CBD8CD0001B192 /* Info.plist */ = {isa = PBXFileReference; lastKnownFileType = text.plist.xml; path = Info.plist; sourceTree = "<group>"; };
		E6D7E89E23CBD94F0001B192 /* DragImageView.swift */ = {isa = PBXFileReference; lastKnownFileType = sourcecode.swift; path = DragImageView.swift; sourceTree = "<group>"; };
		E6D7E8A023CBD9AC0001B192 /* aim.png */ = {isa = PBXFileReference; lastKnownFileType = image.png; name = aim.png; path = images/aim.png; sourceTree = SOURCE_ROOT; };
/* End PBXFileReference section */

/* Begin PBXFrameworksBuildPhase section */
		E6D7E86823CBD8CA0001B192 /* Frameworks */ = {
			isa = PBXFrameworksBuildPhase;
			buildActionMask = 2147483647;
			files = (
			);
			runOnlyForDeploymentPostprocessing = 0;
		};
		E6D7E87E23CBD8CD0001B192 /* Frameworks */ = {
			isa = PBXFrameworksBuildPhase;
			buildActionMask = 2147483647;
			files = (
			);
			runOnlyForDeploymentPostprocessing = 0;
		};
		E6D7E88923CBD8CD0001B192 /* Frameworks */ = {
			isa = PBXFrameworksBuildPhase;
			buildActionMask = 2147483647;
			files = (
			);
			runOnlyForDeploymentPostprocessing = 0;
		};
/* End PBXFrameworksBuildPhase section */

/* Begin PBXGroup section */
		E6D7E86223CBD8CA0001B192 = {
			isa = PBXGroup;
			children = (
				E6D7E86D23CBD8CA0001B192 /* Birdstriker */,
				E6D7E88423CBD8CD0001B192 /* BirdstrikerTests */,
				E6D7E88F23CBD8CD0001B192 /* BirdstrikerUITests */,
				E6D7E86C23CBD8CA0001B192 /* Products */,
			);
			sourceTree = "<group>";
		};
		E6D7E86C23CBD8CA0001B192 /* Products */ = {
			isa = PBXGroup;
			children = (
				E6D7E86B23CBD8CA0001B192 /* Birdstriker.app */,
				E6D7E88123CBD8CD0001B192 /* BirdstrikerTests.xctest */,
				E6D7E88C23CBD8CD0001B192 /* BirdstrikerUITests.xctest */,
			);
			name = Products;
			sourceTree = "<group>";
		};
		E6D7E86D23CBD8CA0001B192 /* Birdstriker */ = {
			isa = PBXGroup;
			children = (
				E6D7E86E23CBD8CA0001B192 /* AppDelegate.swift */,
				E6D7E87023CBD8CA0001B192 /* SceneDelegate.swift */,
				E6D7E87223CBD8CA0001B192 /* ViewController.swift */,
				E6D7E89E23CBD94F0001B192 /* DragImageView.swift */,
				E6D7E8A023CBD9AC0001B192 /* aim.png */,
				E6D7E87423CBD8CA0001B192 /* Main.storyboard */,
				E6D7E87723CBD8CC0001B192 /* Assets.xcassets */,
				E6D7E87923CBD8CC0001B192 /* LaunchScreen.storyboard */,
				E6D7E87C23CBD8CC0001B192 /* Info.plist */,
			);
			path = Birdstriker;
			sourceTree = "<group>";
		};
		E6D7E88423CBD8CD0001B192 /* BirdstrikerTests */ = {
			isa = PBXGroup;
			children = (
				E6D7E88523CBD8CD0001B192 /* BirdstrikerTests.swift */,
				E6D7E88723CBD8CD0001B192 /* Info.plist */,
			);
			path = BirdstrikerTests;
			sourceTree = "<group>";
		};
		E6D7E88F23CBD8CD0001B192 /* BirdstrikerUITests */ = {
			isa = PBXGroup;
			children = (
				E6D7E89023CBD8CD0001B192 /* BirdstrikerUITests.swift */,
				E6D7E89223CBD8CD0001B192 /* Info.plist */,
			);
			path = BirdstrikerUITests;
			sourceTree = "<group>";
		};
/* End PBXGroup section */

/* Begin PBXNativeTarget section */
		E6D7E86A23CBD8CA0001B192 /* Birdstriker */ = {
			isa = PBXNativeTarget;
			buildConfigurationList = E6D7E89523CBD8CD0001B192 /* Build configuration list for PBXNativeTarget "Birdstriker" */;
			buildPhases = (
				E6D7E86723CBD8CA0001B192 /* Sources */,
				E6D7E86823CBD8CA0001B192 /* Frameworks */,
				E6D7E86923CBD8CA0001B192 /* Resources */,
			);
			buildRules = (
			);
			dependencies = (
			);
			name = Birdstriker;
			productName = Birdstriker;
			productReference = E6D7E86B23CBD8CA0001B192 /* Birdstriker.app */;
			productType = "com.apple.product-type.application";
		};
		E6D7E88023CBD8CD0001B192 /* BirdstrikerTests */ = {
			isa = PBXNativeTarget;
			buildConfigurationList = E6D7E89823CBD8CD0001B192 /* Build configuration list for PBXNativeTarget "BirdstrikerTests" */;
			buildPhases = (
				E6D7E87D23CBD8CD0001B192 /* Sources */,
				E6D7E87E23CBD8CD0001B192 /* Frameworks */,
				E6D7E87F23CBD8CD0001B192 /* Resources */,
			);
			buildRules = (
			);
			dependencies = (
				E6D7E88323CBD8CD0001B192 /* PBXTargetDependency */,
			);
			name = BirdstrikerTests;
			productName = BirdstrikerTests;
			productReference = E6D7E88123CBD8CD0001B192 /* BirdstrikerTests.xctest */;
			productType = "com.apple.product-type.bundle.unit-test";
		};
		E6D7E88B23CBD8CD0001B192 /* BirdstrikerUITests */ = {
			isa = PBXNativeTarget;
			buildConfigurationList = E6D7E89B23CBD8CD0001B192 /* Build configuration list for PBXNativeTarget "BirdstrikerUITests" */;
			buildPhases = (
				E6D7E88823CBD8CD0001B192 /* Sources */,
				E6D7E88923CBD8CD0001B192 /* Frameworks */,
				E6D7E88A23CBD8CD0001B192 /* Resources */,
			);
			buildRules = (
			);
			dependencies = (
				E6D7E88E23CBD8CD0001B192 /* PBXTargetDependency */,
			);
			name = BirdstrikerUITests;
			productName = BirdstrikerUITests;
			productReference = E6D7E88C23CBD8CD0001B192 /* BirdstrikerUITests.xctest */;
			productType = "com.apple.product-type.bundle.ui-testing";
		};
/* End PBXNativeTarget section */

/* Begin PBXProject section */
		E6D7E86323CBD8CA0001B192 /* Project object */ = {
			isa = PBXProject;
			attributes = {
				LastSwiftUpdateCheck = 1100;
				LastUpgradeCheck = 1100;
				ORGANIZATIONNAME = fi17aac;
				TargetAttributes = {
					E6D7E86A23CBD8CA0001B192 = {
						CreatedOnToolsVersion = 11.0;
					};
					E6D7E88023CBD8CD0001B192 = {
						CreatedOnToolsVersion = 11.0;
						TestTargetID = E6D7E86A23CBD8CA0001B192;
					};
					E6D7E88B23CBD8CD0001B192 = {
						CreatedOnToolsVersion = 11.0;
						TestTargetID = E6D7E86A23CBD8CA0001B192;
					};
				};
			};
			buildConfigurationList = E6D7E86623CBD8CA0001B192 /* Build configuration list for PBXProject "Birdstriker" */;
			compatibilityVersion = "Xcode 9.3";
			developmentRegion = en;
			hasScannedForEncodings = 0;
			knownRegions = (
				en,
				Base,
			);
			mainGroup = E6D7E86223CBD8CA0001B192;
			productRefGroup = E6D7E86C23CBD8CA0001B192 /* Products */;
			projectDirPath = "";
			projectRoot = "";
			targets = (
				E6D7E86A23CBD8CA0001B192 /* Birdstriker */,
				E6D7E88023CBD8CD0001B192 /* BirdstrikerTests */,
				E6D7E88B23CBD8CD0001B192 /* BirdstrikerUITests */,
			);
		};
/* End PBXProject section */

/* Begin PBXResourcesBuildPhase section */
		E6D7E86923CBD8CA0001B192 /* Resources */ = {
			isa = PBXResourcesBuildPhase;
			buildActionMask = 2147483647;
			files = (
				E6D7E87B23CBD8CC0001B192 /* LaunchScreen.storyboard in Resources */,
				E6D7E8A123CBD9AC0001B192 /* aim.png in Resources */,
				E6D7E87823CBD8CC0001B192 /* Assets.xcassets in Resources */,
				E6D7E87623CBD8CA0001B192 /* Main.storyboard in Resources */,
			);
			runOnlyForDeploymentPostprocessing = 0;
		};
		E6D7E87F23CBD8CD0001B192 /* Resources */ = {
			isa = PBXResourcesBuildPhase;
			buildActionMask = 2147483647;
			files = (
			);
			runOnlyForDeploymentPostprocessing = 0;
		};
		E6D7E88A23CBD8CD0001B192 /* Resources */ = {
			isa = PBXResourcesBuildPhase;
			buildActionMask = 2147483647;
			files = (
			);
			runOnlyForDeploymentPostprocessing = 0;
		};
/* End PBXResourcesBuildPhase section */

/* Begin PBXSourcesBuildPhase section */
		E6D7E86723CBD8CA0001B192 /* Sources */ = {
			isa = PBXSourcesBuildPhase;
			buildActionMask = 2147483647;
			files = (
				E6D7E87323CBD8CA0001B192 /* ViewController.swift in Sources */,
				E6D7E86F23CBD8CA0001B192 /* AppDelegate.swift in Sources */,
				E6D7E89F23CBD94F0001B192 /* DragImageView.swift in Sources */,
				E6D7E87123CBD8CA0001B192 /* SceneDelegate.swift in Sources */,
			);
			runOnlyForDeploymentPostprocessing = 0;
		};
		E6D7E87D23CBD8CD0001B192 /* Sources */ = {
			isa = PBXSourcesBuildPhase;
			buildActionMask = 2147483647;
			files = (
				E6D7E88623CBD8CD0001B192 /* BirdstrikerTests.swift in Sources */,
			);
			runOnlyForDeploymentPostprocessing = 0;
		};
		E6D7E88823CBD8CD0001B192 /* Sources */ = {
			isa = PBXSourcesBuildPhase;
			buildActionMask = 2147483647;
			files = (
				E6D7E89123CBD8CD0001B192 /* BirdstrikerUITests.swift in Sources */,
			);
			runOnlyForDeploymentPostprocessing = 0;
		};
/* End PBXSourcesBuildPhase section */

/* Begin PBXTargetDependency section */
		E6D7E88323CBD8CD0001B192 /* PBXTargetDependency */ = {
			isa = PBXTargetDependency;
			target = E6D7E86A23CBD8CA0001B192 /* Birdstriker */;
			targetProxy = E6D7E88223CBD8CD0001B192 /* PBXContainerItemProxy */;
		};
		E6D7E88E23CBD8CD0001B192 /* PBXTargetDependency */ = {
			isa = PBXTargetDependency;
			target = E6D7E86A23CBD8CA0001B192 /* Birdstriker */;
			targetProxy = E6D7E88D23CBD8CD0001B192 /* PBXContainerItemProxy */;
		};
/* End PBXTargetDependency section */

/* Begin PBXVariantGroup section */
		E6D7E87423CBD8CA0001B192 /* Main.storyboard */ = {
			isa = PBXVariantGroup;
			children = (
				E6D7E87523CBD8CA0001B192 /* Base */,
			);
			name = Main.storyboard;
			sourceTree = "<group>";
		};
		E6D7E87923CBD8CC0001B192 /* LaunchScreen.storyboard */ = {
			isa = PBXVariantGroup;
			children = (
				E6D7E87A23CBD8CC0001B192 /* Base */,
			);
			name = LaunchScreen.storyboard;
			sourceTree = "<group>";
		};
/* End PBXVariantGroup section */

/* Begin XCBuildConfiguration section */
		E6D7E89323CBD8CD0001B192 /* Debug */ = {
			isa = XCBuildConfiguration;
			buildSettings = {
				ALWAYS_SEARCH_USER_PATHS = NO;
				CLANG_ANALYZER_NONNULL = YES;
				CLANG_ANALYZER_NUMBER_OBJECT_CONVERSION = YES_AGGRESSIVE;
				CLANG_CXX_LANGUAGE_STANDARD = "gnu++14";
				CLANG_CXX_LIBRARY = "libc++";
				CLANG_ENABLE_MODULES = YES;
				CLANG_ENABLE_OBJC_ARC = YES;
				CLANG_ENABLE_OBJC_WEAK = YES;
				CLANG_WARN_BLOCK_CAPTURE_AUTORELEASING = YES;
				CLANG_WARN_BOOL_CONVERSION = YES;
				CLANG_WARN_COMMA = YES;
				CLANG_WARN_CONSTANT_CONVERSION = YES;
				CLANG_WARN_DEPRECATED_OBJC_IMPLEMENTATIONS = YES;
				CLANG_WARN_DIRECT_OBJC_ISA_USAGE = YES_ERROR;
				CLANG_WARN_DOCUMENTATION_COMMENTS = YES;
				CLANG_WARN_EMPTY_BODY = YES;
				CLANG_WARN_ENUM_CONVERSION = YES;
				CLANG_WARN_INFINITE_RECURSION = YES;
				CLANG_WARN_INT_CONVERSION = YES;
				CLANG_WARN_NON_LITERAL_NULL_CONVERSION = YES;
				CLANG_WARN_OBJC_IMPLICIT_RETAIN_SELF = YES;
				CLANG_WARN_OBJC_LITERAL_CONVERSION = YES;
				CLANG_WARN_OBJC_ROOT_CLASS = YES_ERROR;
				CLANG_WARN_RANGE_LOOP_ANALYSIS = YES;
				CLANG_WARN_STRICT_PROTOTYPES = YES;
				CLANG_WARN_SUSPICIOUS_MOVE = YES;
				CLANG_WARN_UNGUARDED_AVAILABILITY = YES_AGGRESSIVE;
				CLANG_WARN_UNREACHABLE_CODE = YES;
				CLANG_WARN__DUPLICATE_METHOD_MATCH = YES;
				COPY_PHASE_STRIP = NO;
				DEBUG_INFORMATION_FORMAT = dwarf;
				ENABLE_STRICT_OBJC_MSGSEND = YES;
				ENABLE_TESTABILITY = YES;
				GCC_C_LANGUAGE_STANDARD = gnu11;
				GCC_DYNAMIC_NO_PIC = NO;
				GCC_NO_COMMON_BLOCKS = YES;
				GCC_OPTIMIZATION_LEVEL = 0;
				GCC_PREPROCESSOR_DEFINITIONS = (
					"DEBUG=1",
					"$(inherited)",
				);
				GCC_WARN_64_TO_32_BIT_CONVERSION = YES;
				GCC_WARN_ABOUT_RETURN_TYPE = YES_ERROR;
				GCC_WARN_UNDECLARED_SELECTOR = YES;
				GCC_WARN_UNINITIALIZED_AUTOS = YES_AGGRESSIVE;
				GCC_WARN_UNUSED_FUNCTION = YES;
				GCC_WARN_UNUSED_VARIABLE = YES;
				IPHONEOS_DEPLOYMENT_TARGET = 13.0;
				MTL_ENABLE_DEBUG_INFO = INCLUDE_SOURCE;
				MTL_FAST_MATH = YES;
				ONLY_ACTIVE_ARCH = YES;
				SDKROOT = iphoneos;
				SWIFT_ACTIVE_COMPILATION_CONDITIONS = DEBUG;
				SWIFT_OPTIMIZATION_LEVEL = "-Onone";
			};
			name = Debug;
		};
		E6D7E89423CBD8CD0001B192 /* Release */ = {
			isa = XCBuildConfiguration;
			buildSettings = {
				ALWAYS_SEARCH_USER_PATHS = NO;
				CLANG_ANALYZER_NONNULL = YES;
				CLANG_ANALYZER_NUMBER_OBJECT_CONVERSION = YES_AGGRESSIVE;
				CLANG_CXX_LANGUAGE_STANDARD = "gnu++14";
				CLANG_CXX_LIBRARY = "libc++";
				CLANG_ENABLE_MODULES = YES;
				CLANG_ENABLE_OBJC_ARC = YES;
				CLANG_ENABLE_OBJC_WEAK = YES;
				CLANG_WARN_BLOCK_CAPTURE_AUTORELEASING = YES;
				CLANG_WARN_BOOL_CONVERSION = YES;
				CLANG_WARN_COMMA = YES;
				CLANG_WARN_CONSTANT_CONVERSION = YES;
				CLANG_WARN_DEPRECATED_OBJC_IMPLEMENTATIONS = YES;
				CLANG_WARN_DIRECT_OBJC_ISA_USAGE = YES_ERROR;
				CLANG_WARN_DOCUMENTATION_COMMENTS = YES;
				CLANG_WARN_EMPTY_BODY = YES;
				CLANG_WARN_ENUM_CONVERSION = YES;
				CLANG_WARN_INFINITE_RECURSION = YES;
				CLANG_WARN_INT_CONVERSION = YES;
				CLANG_WARN_NON_LITERAL_NULL_CONVERSION = YES;
				CLANG_WARN_OBJC_IMPLICIT_RETAIN_SELF = YES;
				CLANG_WARN_OBJC_LITERAL_CONVERSION = YES;
				CLANG_WARN_OBJC_ROOT_CLASS = YES_ERROR;
				CLANG_WARN_RANGE_LOOP_ANALYSIS = YES;
				CLANG_WARN_STRICT_PROTOTYPES = YES;
				CLANG_WARN_SUSPICIOUS_MOVE = YES;
				CLANG_WARN_UNGUARDED_AVAILABILITY = YES_AGGRESSIVE;
				CLANG_WARN_UNREACHABLE_CODE = YES;
				CLANG_WARN__DUPLICATE_METHOD_MATCH = YES;
				COPY_PHASE_STRIP = NO;
				DEBUG_INFORMATION_FORMAT = "dwarf-with-dsym";
				ENABLE_NS_ASSERTIONS = NO;
				ENABLE_STRICT_OBJC_MSGSEND = YES;
				GCC_C_LANGUAGE_STANDARD = gnu11;
				GCC_NO_COMMON_BLOCKS = YES;
				GCC_WARN_64_TO_32_BIT_CONVERSION = YES;
				GCC_WARN_ABOUT_RETURN_TYPE = YES_ERROR;
				GCC_WARN_UNDECLARED_SELECTOR = YES;
				GCC_WARN_UNINITIALIZED_AUTOS = YES_AGGRESSIVE;
				GCC_WARN_UNUSED_FUNCTION = YES;
				GCC_WARN_UNUSED_VARIABLE = YES;
				IPHONEOS_DEPLOYMENT_TARGET = 13.0;
				MTL_ENABLE_DEBUG_INFO = NO;
				MTL_FAST_MATH = YES;
				SDKROOT = iphoneos;
				SWIFT_COMPILATION_MODE = wholemodule;
				SWIFT_OPTIMIZATION_LEVEL = "-O";
				VALIDATE_PRODUCT = YES;
			};
			name = Release;
		};
		E6D7E89623CBD8CD0001B192 /* Debug */ = {
			isa = XCBuildConfiguration;
			buildSettings = {
				ASSETCATALOG_COMPILER_APPICON_NAME = AppIcon;
				CODE_SIGN_STYLE = Automatic;
				INFOPLIST_FILE = Birdstriker/Info.plist;
				LD_RUNPATH_SEARCH_PATHS = (
					"$(inherited)",
					"@executable_path/Frameworks",
				);
				PRODUCT_BUNDLE_IDENTIFIER = faysal.Birdstriker;
				PRODUCT_NAME = "$(TARGET_NAME)";
				SWIFT_VERSION = 5.0;
				TARGETED_DEVICE_FAMILY = "1,2";
			};
			name = Debug;
		};
		E6D7E89723CBD8CD0001B192 /* Release */ = {
			isa = XCBuildConfiguration;
			buildSettings = {
				ASSETCATALOG_COMPILER_APPICON_NAME = AppIcon;
				CODE_SIGN_STYLE = Automatic;
				INFOPLIST_FILE = Birdstriker/Info.plist;
				LD_RUNPATH_SEARCH_PATHS = (
					"$(inherited)",
					"@executable_path/Frameworks",
				);
				PRODUCT_BUNDLE_IDENTIFIER = faysal.Birdstriker;
				PRODUCT_NAME = "$(TARGET_NAME)";
				SWIFT_VERSION = 5.0;
				TARGETED_DEVICE_FAMILY = "1,2";
			};
			name = Release;
		};
		E6D7E89923CBD8CD0001B192 /* Debug */ = {
			isa = XCBuildConfiguration;
			buildSettings = {
				ALWAYS_EMBED_SWIFT_STANDARD_LIBRARIES = YES;
				BUNDLE_LOADER = "$(TEST_HOST)";
				CODE_SIGN_STYLE = Automatic;
				INFOPLIST_FILE = BirdstrikerTests/Info.plist;
				IPHONEOS_DEPLOYMENT_TARGET = 13.0;
				LD_RUNPATH_SEARCH_PATHS = (
					"$(inherited)",
					"@executable_path/Frameworks",
					"@loader_path/Frameworks",
				);
				PRODUCT_BUNDLE_IDENTIFIER = faysal.BirdstrikerTests;
				PRODUCT_NAME = "$(TARGET_NAME)";
				SWIFT_VERSION = 5.0;
				TARGETED_DEVICE_FAMILY = "1,2";
				TEST_HOST = "$(BUILT_PRODUCTS_DIR)/Birdstriker.app/Birdstriker";
			};
			name = Debug;
		};
		E6D7E89A23CBD8CD0001B192 /* Release */ = {
			isa = XCBuildConfiguration;
			buildSettings = {
				ALWAYS_EMBED_SWIFT_STANDARD_LIBRARIES = YES;
				BUNDLE_LOADER = "$(TEST_HOST)";
				CODE_SIGN_STYLE = Automatic;
				INFOPLIST_FILE = BirdstrikerTests/Info.plist;
				IPHONEOS_DEPLOYMENT_TARGET = 13.0;
				LD_RUNPATH_SEARCH_PATHS = (
					"$(inherited)",
					"@executable_path/Frameworks",
					"@loader_path/Frameworks",
				);
				PRODUCT_BUNDLE_IDENTIFIER = faysal.BirdstrikerTests;
				PRODUCT_NAME = "$(TARGET_NAME)";
				SWIFT_VERSION = 5.0;
				TARGETED_DEVICE_FAMILY = "1,2";
				TEST_HOST = "$(BUILT_PRODUCTS_DIR)/Birdstriker.app/Birdstriker";
			};
			name = Release;
		};
		E6D7E89C23CBD8CD0001B192 /* Debug */ = {
			isa = XCBuildConfiguration;
			buildSettings = {
				ALWAYS_EMBED_SWIFT_STANDARD_LIBRARIES = YES;
				CODE_SIGN_STYLE = Automatic;
				INFOPLIST_FILE = BirdstrikerUITests/Info.plist;
				LD_RUNPATH_SEARCH_PATHS = (
					"$(inherited)",
					"@executable_path/Frameworks",
					"@loader_path/Frameworks",
				);
				PRODUCT_BUNDLE_IDENTIFIER = faysal.BirdstrikerUITests;
				PRODUCT_NAME = "$(TARGET_NAME)";
				SWIFT_VERSION = 5.0;
				TARGETED_DEVICE_FAMILY = "1,2";
				TEST_TARGET_NAME = Birdstriker;
			};
			name = Debug;
		};
		E6D7E89D23CBD8CD0001B192 /* Release */ = {
			isa = XCBuildConfiguration;
			buildSettings = {
				ALWAYS_EMBED_SWIFT_STANDARD_LIBRARIES = YES;
				CODE_SIGN_STYLE = Automatic;
				INFOPLIST_FILE = BirdstrikerUITests/Info.plist;
				LD_RUNPATH_SEARCH_PATHS = (
					"$(inherited)",
					"@executable_path/Frameworks",
					"@loader_path/Frameworks",
				);
				PRODUCT_BUNDLE_IDENTIFIER = faysal.BirdstrikerUITests;
				PRODUCT_NAME = "$(TARGET_NAME)";
				SWIFT_VERSION = 5.0;
				TARGETED_DEVICE_FAMILY = "1,2";
				TEST_TARGET_NAME = Birdstriker;
			};
			name = Release;
		};
/* End XCBuildConfiguration section */

/* Begin XCConfigurationList section */
		E6D7E86623CBD8CA0001B192 /* Build configuration list for PBXProject "Birdstriker" */ = {
			isa = XCConfigurationList;
			buildConfigurations = (
				E6D7E89323CBD8CD0001B192 /* Debug */,
				E6D7E89423CBD8CD0001B192 /* Release */,
			);
			defaultConfigurationIsVisible = 0;
			defaultConfigurationName = Release;
		};
		E6D7E89523CBD8CD0001B192 /* Build configuration list for PBXNativeTarget "Birdstriker" */ = {
			isa = XCConfigurationList;
			buildConfigurations = (
				E6D7E89623CBD8CD0001B192 /* Debug */,
				E6D7E89723CBD8CD0001B192 /* Release */,
			);
			defaultConfigurationIsVisible = 0;
			defaultConfigurationName = Release;
		};
		E6D7E89823CBD8CD0001B192 /* Build configuration list for PBXNativeTarget "BirdstrikerTests" */ = {
			isa = XCConfigurationList;
			buildConfigurations = (
				E6D7E89923CBD8CD0001B192 /* Debug */,
				E6D7E89A23CBD8CD0001B192 /* Release */,
			);
			defaultConfigurationIsVisible = 0;
			defaultConfigurationName = Release;
		};
		E6D7E89B23CBD8CD0001B192 /* Build configuration list for PBXNativeTarget "BirdstrikerUITests" */ = {
			isa = XCConfigurationList;
			buildConfigurations = (
				E6D7E89C23CBD8CD0001B192 /* Debug */,
				E6D7E89D23CBD8CD0001B192 /* Release */,
			);
			defaultConfigurationIsVisible = 0;
			defaultConfigurationName = Release;
		};
/* End XCConfigurationList section */
	};
	rootObject = E6D7E86323CBD8CA0001B192 /* Project object */;
}
